
Microsoft Visual Studio Solution File, Format Version 12.00
# Visual Studio Version 17
VisualStudioVersion = 17.7.34221.43
MinimumVisualStudioVersion = 10.0.40219.1
Project("{FAE04EC0-301F-11D3-BF4B-00C04F79EFBC}") = "ConsoleApp7", "ConsoleApp7\ConsoleApp7.csproj", "{BA8E34B1-A5B2-469E-A5A8-61B7173BFB86}"
EndProject
Global
	GlobalSection(SolutionConfigurationPlatforms) = preSolution
		Debug|Any CPU = Debug|Any CPU
		Release|Any CPU = Release|Any CPU
	EndGlobalSection
	GlobalSection(ProjectConfigurationPlatforms) = postSolution
		{BA8E34B1-A5B2-469E-A5A8-61B7173BFB86}.Debug|Any CPU.ActiveCfg = Debug|Any CPU
		{BA8E34B1-A5B2-469E-A5A8-61B7173BFB86}.Debug|Any CPU.Build.0 = Debug|Any CPU
		{BA8E34B1-A5B2-469E-A5A8-61B7173BFB86}.Release|Any CPU.ActiveCfg = Release|Any CPU
		{BA8E34B1-A5B2-469E-A5A8-61B7173BFB86}.Release|Any CPU.Build.0 = Release|Any CPU
	EndGlobalSection
	GlobalSection(SolutionProperties) = preSolution
		HideSolutionNode = FALSE
	EndGlobalSection
	GlobalSection(ExtensibilityGlobals) = postSolution
		SolutionGuid = {6466A466-FDC9-447B-8FFC-0E1D6ADF24A2}
	EndGlobalSection
EndGlobal
