
Microsoft Visual Studio Solution File, Format Version 12.00
# Visual Studio Version 17
VisualStudioVersion = 17.7.34221.43
MinimumVisualStudioVersion = 10.0.40219.1
Project("{FAE04EC0-301F-11D3-BF4B-00C04F79EFBC}") = "ConsoleApp4", "ConsoleApp4\ConsoleApp4.csproj", "{08F2304C-1832-482F-BB8C-BBCD14A6256D}"
EndProject
Global
	GlobalSection(SolutionConfigurationPlatforms) = preSolution
		Debug|Any CPU = Debug|Any CPU
		Release|Any CPU = Release|Any CPU
	EndGlobalSection
	GlobalSection(ProjectConfigurationPlatforms) = postSolution
		{08F2304C-1832-482F-BB8C-BBCD14A6256D}.Debug|Any CPU.ActiveCfg = Debug|Any CPU
		{08F2304C-1832-482F-BB8C-BBCD14A6256D}.Debug|Any CPU.Build.0 = Debug|Any CPU
		{08F2304C-1832-482F-BB8C-BBCD14A6256D}.Release|Any CPU.ActiveCfg = Release|Any CPU
		{08F2304C-1832-482F-BB8C-BBCD14A6256D}.Release|Any CPU.Build.0 = Release|Any CPU
	EndGlobalSection
	GlobalSection(SolutionProperties) = preSolution
		HideSolutionNode = FALSE
	EndGlobalSection
	GlobalSection(ExtensibilityGlobals) = postSolution
		SolutionGuid = {B3E496C5-0078-4ABE-959F-778F1CC2D4D0}
	EndGlobalSection
EndGlobal
